
Microsoft Visual Studio Solution File, Format Version 12.00
Project("{FAE04EC0-301F-11D3-BF4B-00C04F79EFBC}") = "VirtualVpn", "VirtualVpn\VirtualVpn.csproj", "{C1DFD276-368B-41C5-BBBD-93E7248450F5}"
EndProject
Project("{FAE04EC0-301F-11D3-BF4B-00C04F79EFBC}") = "JustListen", "JustListen\JustListen.csproj", "{EE3D8BBC-CFE6-4D2D-AB18-18584DA192A2}"
EndProject
Project("{2150E333-8FDC-42A3-9474-1A3956D46DE8}") = "_Info", "_Info", "{609B476C-B4B6-4EC4-89C9-8820108A25F3}"
	ProjectSection(SolutionItems) = preProject
		.gitignore = .gitignore
		LICENSE = LICENSE
		README.md = README.md
	EndProjectSection
EndProject
Project("{FAE04EC0-301F-11D3-BF4B-00C04F79EFBC}") = "ProtocolTests", "ProtocolTests\ProtocolTests.csproj", "{F6010588-6EF2-453F-92FB-FB7522B5A767}"
EndProject
Global
	GlobalSection(SolutionConfigurationPlatforms) = preSolution
		Debug|Any CPU = Debug|Any CPU
		Release|Any CPU = Release|Any CPU
	EndGlobalSection
	GlobalSection(ProjectConfigurationPlatforms) = postSolution
		{C1DFD276-368B-41C5-BBBD-93E7248450F5}.Debug|Any CPU.ActiveCfg = Debug|Any CPU
		{C1DFD276-368B-41C5-BBBD-93E7248450F5}.Debug|Any CPU.Build.0 = Debug|Any CPU
		{C1DFD276-368B-41C5-BBBD-93E7248450F5}.Release|Any CPU.ActiveCfg = Release|Any CPU
		{C1DFD276-368B-41C5-BBBD-93E7248450F5}.Release|Any CPU.Build.0 = Release|Any CPU
		{EE3D8BBC-CFE6-4D2D-AB18-18584DA192A2}.Debug|Any CPU.ActiveCfg = Debug|Any CPU
		{EE3D8BBC-CFE6-4D2D-AB18-18584DA192A2}.Debug|Any CPU.Build.0 = Debug|Any CPU
		{EE3D8BBC-CFE6-4D2D-AB18-18584DA192A2}.Release|Any CPU.ActiveCfg = Release|Any CPU
		{EE3D8BBC-CFE6-4D2D-AB18-18584DA192A2}.Release|Any CPU.Build.0 = Release|Any CPU
		{F6010588-6EF2-453F-92FB-FB7522B5A767}.Debug|Any CPU.ActiveCfg = Debug|Any CPU
		{F6010588-6EF2-453F-92FB-FB7522B5A767}.Debug|Any CPU.Build.0 = Debug|Any CPU
		{F6010588-6EF2-453F-92FB-FB7522B5A767}.Release|Any CPU.ActiveCfg = Release|Any CPU
		{F6010588-6EF2-453F-92FB-FB7522B5A767}.Release|Any CPU.Build.0 = Release|Any CPU
	EndGlobalSection
EndGlobal
